# This file is automatically @generated by Cargo.
# It is not intended for manual editing.
version = 3

[[package]]
name = "typaxis-cli"
version = "0.1.0"
dependencies = [
 "typaxis-core",
 "typaxis-diagnostics",
 "typaxis-display-list",
 "typaxis-layout",
 "typaxis-manifest",
 "typaxis-pagination",
 "typaxis-pdf",
 "typaxis-resources",
 "typaxis-syntax",
]

[[package]]
name = "typaxis-core"
version = "0.1.0"

[[package]]
name = "typaxis-diagnostics"
version = "0.1.0"
dependencies = [
 "typaxis-core",
]

[[package]]
name = "typaxis-display-list"
version = "0.1.0"
dependencies = [
 "typaxis-core",
 "typaxis-document",
 "typaxis-font",
 "typaxis-layout",
 "typaxis-linebreak",
 "typaxis-pagination",
 "typaxis-resource-admission",
 "typaxis-style",
 "typaxis-syntax",
 "typaxis-text",
]

[[package]]
name = "typaxis-document"
version = "0.1.0"
dependencies = [
 "typaxis-core",
]

[[package]]
name = "typaxis-font"
version = "0.1.0"
dependencies = [
 "typaxis-core",
]

[[package]]
name = "typaxis-layout"
version = "0.1.0"
dependencies = [
 "typaxis-core",
 "typaxis-document",
 "typaxis-layout-contract",
 "typaxis-linebreak",
 "typaxis-resource-admission",
 "typaxis-style",
 "typaxis-syntax",
 "typaxis-text",
]

[[package]]
name = "typaxis-layout-contract"
version = "0.1.0"
dependencies = [
 "typaxis-core",
 "typaxis-resource-admission",
 "typaxis-style",
 "typaxis-syntax",
]

[[package]]
name = "typaxis-linebreak"
version = "0.1.0"
dependencies = [
 "typaxis-core",
 "typaxis-document",
 "typaxis-layout-contract",
 "typaxis-resource-admission",
 "typaxis-shaping",
 "typaxis-syntax",
 "typaxis-text",
]

[[package]]
name = "typaxis-manifest"
version = "0.1.0"
dependencies = [
 "typaxis-core",
 "typaxis-document",
 "typaxis-layout",
 "typaxis-pagination",
 "typaxis-pdf",
 "typaxis-resources",
 "typaxis-style",
 "typaxis-syntax",
 "typaxis-text",
]

[[package]]
name = "typaxis-pagination"
version = "0.1.0"
dependencies = [
 "typaxis-core",
 "typaxis-diagnostics",
 "typaxis-document",
 "typaxis-layout",
 "typaxis-linebreak",
 "typaxis-resource-admission",
 "typaxis-style",
 "typaxis-syntax",
 "typaxis-text",
]

[[package]]
name = "typaxis-pdf"
version = "0.1.0"
dependencies = [
 "typaxis-core",
 "typaxis-display-list",
 "typaxis-resources",
]

[[package]]
name = "typaxis-resource-admission"
version = "0.1.0"
dependencies = [
 "typaxis-core",
 "typaxis-document",
 "typaxis-font",
]

[[package]]
name = "typaxis-resources"
version = "0.1.0"
dependencies = [
 "typaxis-core",
 "typaxis-display-list",
 "typaxis-document",
 "typaxis-font",
 "typaxis-layout",
 "typaxis-pagination",
 "typaxis-resource-admission",
 "typaxis-style",
 "typaxis-syntax",
 "typaxis-text",
]

[[package]]
name = "typaxis-shaping"
version = "0.1.0"
dependencies = [
 "typaxis-core",
 "typaxis-font",
 "typaxis-layout-contract",
 "typaxis-syntax",
 "typaxis-text",
]

[[package]]
name = "typaxis-style"
version = "0.1.0"
dependencies = [
 "typaxis-core",
 "typaxis-resource-admission",
]

[[package]]
name = "typaxis-syntax"
version = "0.1.0"
dependencies = [
 "typaxis-core",
 "typaxis-diagnostics",
 "typaxis-document",
 "typaxis-style",
 "typaxis-text",
]

[[package]]
name = "typaxis-testkit"
version = "0.1.0"
dependencies = [
 "typaxis-core",
 "typaxis-display-list",
 "typaxis-document",
 "typaxis-layout",
 "typaxis-pagination",
 "typaxis-pdf",
 "typaxis-resources",
 "typaxis-style",
 "typaxis-syntax",
 "typaxis-text",
]

[[package]]
name = "typaxis-text"
version = "0.1.0"
dependencies = [
 "typaxis-core",
 "typaxis-document",
]
